
Microsoft Visual Studio Solution File, Format Version 12.00
# Visual Studio Version 17
VisualStudioVersion = 17.4.33110.190
MinimumVisualStudioVersion = 10.0.40219.1
Project("{FAE04EC0-301F-11D3-BF4B-00C04F79EFBC}") = "WebSocketServer", "WebSocketServer\WebSocketServer.csproj", "{16B8299A-E330-4C44-9DD4-E912CCA4D474}"
EndProject
Project("{FAE04EC0-301F-11D3-BF4B-00C04F79EFBC}") = "WebSocketClientApp", "WebSocketClientApp\WebSocketClientApp.csproj", "{56275249-E882-4F96-8644-7B4A7862CE12}"
EndProject
Global
	GlobalSection(SolutionConfigurationPlatforms) = preSolution
		Debug|Any CPU = Debug|Any CPU
		Release|Any CPU = Release|Any CPU
	EndGlobalSection
	GlobalSection(ProjectConfigurationPlatforms) = postSolution
		{16B8299A-E330-4C44-9DD4-E912CCA4D474}.Debug|Any CPU.ActiveCfg = Debug|Any CPU
		{16B8299A-E330-4C44-9DD4-E912CCA4D474}.Debug|Any CPU.Build.0 = Debug|Any CPU
		{16B8299A-E330-4C44-9DD4-E912CCA4D474}.Release|Any CPU.ActiveCfg = Release|Any CPU
		{16B8299A-E330-4C44-9DD4-E912CCA4D474}.Release|Any CPU.Build.0 = Release|Any CPU
		{56275249-E882-4F96-8644-7B4A7862CE12}.Debug|Any CPU.ActiveCfg = Debug|Any CPU
		{56275249-E882-4F96-8644-7B4A7862CE12}.Debug|Any CPU.Build.0 = Debug|Any CPU
		{56275249-E882-4F96-8644-7B4A7862CE12}.Release|Any CPU.ActiveCfg = Release|Any CPU
		{56275249-E882-4F96-8644-7B4A7862CE12}.Release|Any CPU.Build.0 = Release|Any CPU
	EndGlobalSection
	GlobalSection(SolutionProperties) = preSolution
		HideSolutionNode = FALSE
	EndGlobalSection
	GlobalSection(ExtensibilityGlobals) = postSolution
		SolutionGuid = {7E073E35-D739-43E5-98BF-760872CFFA3D}
	EndGlobalSection
EndGlobal
